{"1.1.0",
[{<<"hackney">>,{pkg,<<"hackney">>,<<"1.6.4">>},0},
 {<<"jsx">>,{pkg,<<"jsx">>,<<"2.8.0">>},0}]}.
[
{pkg_hash,[
 {<<"hackney">>, <<"6363480405AE4B1D03D6233F32792F0C3CF765396CFDB7E1D07CAB3D3E41C53C">>},
 {<<"jsx">>, <<"749BEC6D205C694AE1786D62CEA6CC45A390437E24835FD16D12D74F07097727">>}]}
].
